
Microsoft Visual Studio Solution File, Format Version 12.00
# Visual Studio Version 17
VisualStudioVersion = 17.7.34031.279
MinimumVisualStudioVersion = 10.0.40219.1
Project("{8BC9CEB8-8B4A-11D0-8D11-00A0C91BC942}") = "EJ_REPASO_4_12_24", "EJ_REPASO_4_12_24\EJ_REPASO_4_12_24.vcxproj", "{EDD88809-16A6-4027-AB53-EDBBBCFC5FFC}"
EndProject
Global
	GlobalSection(SolutionConfigurationPlatforms) = preSolution
		Debug|x64 = Debug|x64
		Debug|x86 = Debug|x86
		Release|x64 = Release|x64
		Release|x86 = Release|x86
	EndGlobalSection
	GlobalSection(ProjectConfigurationPlatforms) = postSolution
		{EDD88809-16A6-4027-AB53-EDBBBCFC5FFC}.Debug|x64.ActiveCfg = Debug|x64
		{EDD88809-16A6-4027-AB53-EDBBBCFC5FFC}.Debug|x64.Build.0 = Debug|x64
		{EDD88809-16A6-4027-AB53-EDBBBCFC5FFC}.Debug|x86.ActiveCfg = Debug|Win32
		{EDD88809-16A6-4027-AB53-EDBBBCFC5FFC}.Debug|x86.Build.0 = Debug|Win32
		{EDD88809-16A6-4027-AB53-EDBBBCFC5FFC}.Release|x64.ActiveCfg = Release|x64
		{EDD88809-16A6-4027-AB53-EDBBBCFC5FFC}.Release|x64.Build.0 = Release|x64
		{EDD88809-16A6-4027-AB53-EDBBBCFC5FFC}.Release|x86.ActiveCfg = Release|Win32
		{EDD88809-16A6-4027-AB53-EDBBBCFC5FFC}.Release|x86.Build.0 = Release|Win32
	EndGlobalSection
	GlobalSection(SolutionProperties) = preSolution
		HideSolutionNode = FALSE
	EndGlobalSection
	GlobalSection(ExtensibilityGlobals) = postSolution
		SolutionGuid = {C914B97F-8615-4213-A34F-2CDD7E7D5C2F}
	EndGlobalSection
EndGlobal
